
Microsoft Visual Studio Solution File, Format Version 12.00
# Visual Studio 15
VisualStudioVersion = 15.0.27004.2005
MinimumVisualStudioVersion = 10.0.40219.1
Project("{888888A0-9F3D-457C-B088-3A5042F75D52}") = "pseudo-relevance", "pseudo-relevance\pseudo-relevance.pyproj", "{792A64FD-82BD-4942-A97A-91F653E6E87C}"
EndProject
Global
	GlobalSection(SolutionConfigurationPlatforms) = preSolution
		Debug|Any CPU = Debug|Any CPU
		Release|Any CPU = Release|Any CPU
	EndGlobalSection
	GlobalSection(ProjectConfigurationPlatforms) = postSolution
		{792A64FD-82BD-4942-A97A-91F653E6E87C}.Debug|Any CPU.ActiveCfg = Debug|Any CPU
		{792A64FD-82BD-4942-A97A-91F653E6E87C}.Release|Any CPU.ActiveCfg = Release|Any CPU
	EndGlobalSection
	GlobalSection(SolutionProperties) = preSolution
		HideSolutionNode = FALSE
	EndGlobalSection
	GlobalSection(ExtensibilityGlobals) = postSolution
		SolutionGuid = {04D23C7F-58EE-4E4D-89D0-5D6F3C091F35}
	EndGlobalSection
EndGlobal
